<?xml version="1.0" encoding="utf-8"?>
<Project ToolsVersion="4.0" xmlns="http://schemas.microsoft.com/developer/msbuild/2003">
  <ItemGroup>
    <ClInclude Include="include\ECSpp\CGroup\ASpawnersPack.h" />
    <ClInclude Include="include\ECSpp\CGroup\CGroup.h" />
    <ClInclude Include="include\ECSpp\EntityManager\Archetype.h" />
    <ClInclude Include="include\ECSpp\EntityManager\ASpawner.h" />
    <ClInclude Include="include\ECSpp\EntityManager\CPool.h" />
    <ClInclude Include="include\ECSpp\EntityManager\EntityManager.h" />
    <ClInclude Include="include\ECSpp\EntityManager\EntityRef.h" />
    <ClInclude Include="include\ECSpp\Utility\ThirdParty\sparsepp\spp.h" />
    <ClInclude Include="include\ECSpp\Utility\ThirdParty\sparsepp\spp_config.h" />
    <ClInclude Include="include\ECSpp\Utility\ThirdParty\sparsepp\spp_dlalloc.h" />
    <ClInclude Include="include\ECSpp\Utility\ThirdParty\sparsepp\spp_memory.h" />
    <ClInclude Include="include\ECSpp\Utility\ThirdParty\sparsepp\spp_smartptr.h" />
    <ClInclude Include="include\ECSpp\Utility\ThirdParty\sparsepp\spp_stdint.h" />
    <ClInclude Include="include\ECSpp\Utility\ThirdParty\sparsepp\spp_timer.h" />
    <ClInclude Include="include\ECSpp\Utility\ThirdParty\sparsepp\spp_traits.h" />
    <ClInclude Include="include\ECSpp\Utility\ThirdParty\sparsepp\spp_utils.h" />
    <ClInclude Include="include\ECSpp\Utility\Bitmask.h" />
    <ClInclude Include="include\ECSpp\Utility\CFilter.h" />
    <ClInclude Include="include\ECSpp\Utility\DebugAssert.h" />
    <ClInclude Include="include\ECSpp\Utility\Pool.h" />
    <ClInclude Include="include\ECSpp\Utility\TuplePP.h" />
    <ClInclude Include="include\ECSpp\Component.h" />
    <ClInclude Include="include\ECSpp\ECSWorld.h" />
    <ClInclude Include="include\ECSpp\System.h" />
  </ItemGroup>
  <ItemGroup>
    <None Include="include\ECSpp\CGroup\ASpawnersPack.inl" />
    <None Include="include\ECSpp\EntityManager\CPool.inl" />
    <None Include="include\ECSpp\Utility\Pool.inl" />
    <None Include="include\ECSpp\Utility\TuplePP.inl" />
  </ItemGroup>
  <ItemGroup>
    <ClCompile Include="src\ECSpp\EntityManager\Archetype.cpp" />
    <ClCompile Include="src\ECSpp\EntityManager\ASpawner.cpp" />
    <ClCompile Include="src\ECSpp\EntityManager\EntityManager.cpp" />
    <ClCompile Include="src\ECSpp\EntityManager\EntityRef.cpp" />
    <ClCompile Include="src\ECSpp\Utility\Bitmask.cpp" />
    <ClCompile Include="src\ECSpp\Utility\CFilter.cpp" />
    <ClCompile Include="src\ECSpp\Component.cpp" />
    <ClCompile Include="src\ECSpp\ECSWorld.cpp" />
    <ClCompile Include="src\ECSpp\System.cpp" />
  </ItemGroup>
</Project>