
Microsoft Visual Studio Solution File, Format Version 12.00
# Visual Studio 15
VisualStudioVersion = 15.0.27703.2000
MinimumVisualStudioVersion = 10.0.40219.1
Project("{8BC9CEB8-8B4A-11D0-8D11-00A0C91BC942}") = "ECSpp", "ECSpp.vcxproj", "{F9BECFBB-311B-4927-9F05-3E82DD75CB37}"
EndProject
Project("{8BC9CEB8-8B4A-11D0-8D11-00A0C91BC942}") = "ECSpp_Tests", "ECSpp_Tests.vcxproj", "{8E03827E-B293-4F1C-A0A4-0F10A8C8BED2}"
EndProject
Project("{8BC9CEB8-8B4A-11D0-8D11-00A0C91BC942}") = "ECSpp_Benchmarks", "ECSpp_Benchmarks.vcxproj", "{C4BB60D4-56B0-4CD1-AF31-BFB034213148}"
EndProject
Global
	GlobalSection(SolutionConfigurationPlatforms) = preSolution
		Debug|x64 = Debug|x64
		Debug|x86 = Debug|x86
		Release|x64 = Release|x64
		Release|x86 = Release|x86
	EndGlobalSection
	GlobalSection(ProjectConfigurationPlatforms) = postSolution
		{F9BECFBB-311B-4927-9F05-3E82DD75CB37}.Debug|x64.ActiveCfg = Debug|x64
		{F9BECFBB-311B-4927-9F05-3E82DD75CB37}.Debug|x64.Build.0 = Debug|x64
		{F9BECFBB-311B-4927-9F05-3E82DD75CB37}.Debug|x86.ActiveCfg = Debug|Win32
		{F9BECFBB-311B-4927-9F05-3E82DD75CB37}.Debug|x86.Build.0 = Debug|Win32
		{F9BECFBB-311B-4927-9F05-3E82DD75CB37}.Release|x64.ActiveCfg = Release|x64
		{F9BECFBB-311B-4927-9F05-3E82DD75CB37}.Release|x64.Build.0 = Release|x64
		{F9BECFBB-311B-4927-9F05-3E82DD75CB37}.Release|x86.ActiveCfg = Release|Win32
		{F9BECFBB-311B-4927-9F05-3E82DD75CB37}.Release|x86.Build.0 = Release|Win32
		{8E03827E-B293-4F1C-A0A4-0F10A8C8BED2}.Debug|x64.ActiveCfg = Debug|x64
		{8E03827E-B293-4F1C-A0A4-0F10A8C8BED2}.Debug|x64.Build.0 = Debug|x64
		{8E03827E-B293-4F1C-A0A4-0F10A8C8BED2}.Debug|x86.ActiveCfg = Debug|Win32
		{8E03827E-B293-4F1C-A0A4-0F10A8C8BED2}.Debug|x86.Build.0 = Debug|Win32
		{8E03827E-B293-4F1C-A0A4-0F10A8C8BED2}.Release|x64.ActiveCfg = Release|x64
		{8E03827E-B293-4F1C-A0A4-0F10A8C8BED2}.Release|x64.Build.0 = Release|x64
		{8E03827E-B293-4F1C-A0A4-0F10A8C8BED2}.Release|x86.ActiveCfg = Release|Win32
		{8E03827E-B293-4F1C-A0A4-0F10A8C8BED2}.Release|x86.Build.0 = Release|Win32
		{C4BB60D4-56B0-4CD1-AF31-BFB034213148}.Debug|x64.ActiveCfg = Debug|x64
		{C4BB60D4-56B0-4CD1-AF31-BFB034213148}.Debug|x64.Build.0 = Debug|x64
		{C4BB60D4-56B0-4CD1-AF31-BFB034213148}.Debug|x86.ActiveCfg = Debug|Win32
		{C4BB60D4-56B0-4CD1-AF31-BFB034213148}.Debug|x86.Build.0 = Debug|Win32
		{C4BB60D4-56B0-4CD1-AF31-BFB034213148}.Release|x64.ActiveCfg = Release|x64
		{C4BB60D4-56B0-4CD1-AF31-BFB034213148}.Release|x64.Build.0 = Release|x64
		{C4BB60D4-56B0-4CD1-AF31-BFB034213148}.Release|x86.ActiveCfg = Release|Win32
		{C4BB60D4-56B0-4CD1-AF31-BFB034213148}.Release|x86.Build.0 = Release|Win32
	EndGlobalSection
	GlobalSection(SolutionProperties) = preSolution
		HideSolutionNode = FALSE
	EndGlobalSection
	GlobalSection(ExtensibilityGlobals) = postSolution
		SolutionGuid = {EBEF660E-8627-4AD2-9CE8-51773F3D0973}
	EndGlobalSection
EndGlobal
